{
  "requires": true,
  "lockfileVersion": 1,
  "dependencies": {
    "@angular/animations": {
      "version": "6.0.9",
      "resolved": "https://registry.npmjs.org/@angular/animations/-/animations-6.0.9.tgz",
      "integrity": "sha512-UJTHlxVGZLefCDxTS7T0qZxrAIaQ8gGghHwDI7F3QXpXZTsAk4nHiGSt2EvneW5o6io83i6Hpr/9Fde+YvzWNg==",
      "requires": {
        "tslib": "1.9.3"
      }
    },
    "@angular/cdk": {
      "version": "6.4.1",
      "resolved": "https://registry.npmjs.org/@angular/cdk/-/cdk-6.4.1.tgz",
      "integrity": "sha512-d06pqvYiibYwNFGGZFMGjXyfS2DwxLC4LOoiYGibkVpoX669Reb1+OhUX2icqCRtEpw9kOKHpcOz4M6du0eejQ==",
      "requires": {
        "tslib": "1.9.3"
      }
    },
    "@angular/material": {
      "version": "6.4.1",
      "resolved": "https://registry.npmjs.org/@angular/material/-/material-6.4.1.tgz",
      "integrity": "sha512-07HcMv2JNs2c88qZLg0M90dQ7K8LAF4qR9qhdxQ+FPkAymahvq3rKxUWfRifjkHkh6QpG0+hLdNwnAa514Z08g==",
      "requires": {
        "parse5": "5.0.0",
        "tslib": "1.9.3"
      }
    },
    "hammerjs": {
      "version": "2.0.8",
      "resolved": "https://registry.npmjs.org/hammerjs/-/hammerjs-2.0.8.tgz",
      "integrity": "sha1-BO93hiz/K7edMPdpIJWTAiK/YPE="
    },
    "parse5": {
      "version": "5.0.0",
      "resolved": "https://registry.npmjs.org/parse5/-/parse5-5.0.0.tgz",
      "integrity": "sha512-0ywuiUOnpWWeil5grH2rxjyTJoeQVwyBuO2si6QIU9dWtj2npjuyK1HaY1RbLnVfDhEbhyAPNUBKRK0Xj2xE0w=="
    },
    "tslib": {
      "version": "1.9.3",
      "resolved": "https://registry.npmjs.org/tslib/-/tslib-1.9.3.tgz",
      "integrity": "sha512-4krF8scpejhaOgqzBEcGM7yDIEfi0/8+8zDRZhNZZ2kjmHJ4hv3zCbQWxoJGz1iw5U0Jl0nma13xzHXcncMavQ=="
    }
  }
}
